// !$*UTF8*$!
{
	archiveVersion = 1;
	classes = {
	};
	objectVersion = 46;
	objects = {

/* Begin PBXBuildFile section */
		601AC50C192807E100AEF8B0 /* Foundation.framework in Frameworks */ = {isa = PBXBuildFile; fileRef = 601AC50B192807E100AEF8B0 /* Foundation.framework */; };
		601AC50E192807E100AEF8B0 /* CoreGraphics.framework in Frameworks */ = {isa = PBXBuildFile; fileRef = 601AC50D192807E100AEF8B0 /* CoreGraphics.framework */; };
		601AC510192807E100AEF8B0 /* UIKit.framework in Frameworks */ = {isa = PBXBuildFile; fileRef = 601AC50F192807E100AEF8B0 /* UIKit.framework */; };
		601AC516192807E100AEF8B0 /* InfoPlist.strings in Resources */ = {isa = PBXBuildFile; fileRef = 601AC514192807E100AEF8B0 /* InfoPlist.strings */; };
		601AC518192807E100AEF8B0 /* main.m in Sources */ = {isa = PBXBuildFile; fileRef = 601AC517192807E100AEF8B0 /* main.m */; };
		601AC51C192807E100AEF8B0 /* AppDelegate.m in Sources */ = {isa = PBXBuildFile; fileRef = 601AC51B192807E100AEF8B0 /* AppDelegate.m */; };
		601AC51F192807E100AEF8B0 /* Main.storyboard in Resources */ = {isa = PBXBuildFile; fileRef = 601AC51D192807E100AEF8B0 /* Main.storyboard */; };
		601AC522192807E100AEF8B0 /* ViewController.m in Sources */ = {isa = PBXBuildFile; fileRef = 601AC521192807E100AEF8B0 /* ViewController.m */; };
		601AC524192807E100AEF8B0 /* Images.xcassets in Resources */ = {isa = PBXBuildFile; fileRef = 601AC523192807E100AEF8B0 /* Images.xcassets */; };
		601AC52B192807E100AEF8B0 /* XCTest.framework in Frameworks */ = {isa = PBXBuildFile; fileRef = 601AC52A192807E100AEF8B0 /* XCTest.framework */; };
		601AC52C192807E100AEF8B0 /* Foundation.framework in Frameworks */ = {isa = PBXBuildFile; fileRef = 601AC50B192807E100AEF8B0 /* Foundation.framework */; };
		601AC52D192807E100AEF8B0 /* UIKit.framework in Frameworks */ = {isa = PBXBuildFile; fileRef = 601AC50F192807E100AEF8B0 /* UIKit.framework */; };
		601AC535192807E100AEF8B0 /* InfoPlist.strings in Resources */ = {isa = PBXBuildFile; fileRef = 601AC533192807E100AEF8B0 /* InfoPlist.strings */; };
		601AC537192807E100AEF8B0 /* GigMeister1Tests.m in Sources */ = {isa = PBXBuildFile; fileRef = 601AC536192807E100AEF8B0 /* GigMeister1Tests.m */; };
		601AC5421928120300AEF8B0 /* DetailViewController.m in Sources */ = {isa = PBXBuildFile; fileRef = 601AC5411928120300AEF8B0 /* DetailViewController.m */; };
		601AC54519281D3300AEF8B0 /* GigDateClass.m in Sources */ = {isa = PBXBuildFile; fileRef = 601AC54419281D3300AEF8B0 /* GigDateClass.m */; };
		601AC5481928269F00AEF8B0 /* CustomCell.m in Sources */ = {isa = PBXBuildFile; fileRef = 601AC5471928269F00AEF8B0 /* CustomCell.m */; };
		601AC54F19282FF400AEF8B0 /* clear25.png in Resources */ = {isa = PBXBuildFile; fileRef = 601AC54919282FF400AEF8B0 /* clear25.png */; };
		601AC55019282FF400AEF8B0 /* gold25.png in Resources */ = {isa = PBXBuildFile; fileRef = 601AC54A19282FF400AEF8B0 /* gold25.png */; };
		601AC55119282FF400AEF8B0 /* green25.png in Resources */ = {isa = PBXBuildFile; fileRef = 601AC54B19282FF400AEF8B0 /* green25.png */; };
		601AC55219282FF400AEF8B0 /* grey25.png in Resources */ = {isa = PBXBuildFile; fileRef = 601AC54C19282FF400AEF8B0 /* grey25.png */; };
		601AC55319282FF400AEF8B0 /* red25.png in Resources */ = {isa = PBXBuildFile; fileRef = 601AC54D19282FF400AEF8B0 /* red25.png */; };
		601AC5581928343D00AEF8B0 /* white25.png in Resources */ = {isa = PBXBuildFile; fileRef = 601AC5571928343D00AEF8B0 /* white25.png */; };
		605E1C531931BF45007B0212 /* keyback.png in Resources */ = {isa = PBXBuildFile; fileRef = 605E1C521931BF45007B0212 /* keyback.png */; };
		605E1C561931DE4A007B0212 /* TimeViewController.m in Sources */ = {isa = PBXBuildFile; fileRef = 605E1C551931DE4A007B0212 /* TimeViewController.m */; };
		607D91CE193A55950016CAFE /* CalendarViewController.m in Sources */ = {isa = PBXBuildFile; fileRef = 607D91CD193A55950016CAFE /* CalendarViewController.m */; };
		607D91D1193A8A970016CAFE /* SelectionViewController.m in Sources */ = {isa = PBXBuildFile; fileRef = 607D91D0193A8A970016CAFE /* SelectionViewController.m */; };
		607D91D4193A96580016CAFE /* DataStore.m in Sources */ = {isa = PBXBuildFile; fileRef = 607D91D3193A96580016CAFE /* DataStore.m */; };
		607D91D7193AAA350016CAFE /* WeekCell.m in Sources */ = {isa = PBXBuildFile; fileRef = 607D91D6193AAA350016CAFE /* WeekCell.m */; };
		607FFDC419298627007D3D70 /* brand.gif in Resources */ = {isa = PBXBuildFile; fileRef = 607FFDC319298627007D3D70 /* brand.gif */; };
		607FFDC619298700007D3D70 /* brandr.gif in Resources */ = {isa = PBXBuildFile; fileRef = 607FFDC5192986FF007D3D70 /* brandr.gif */; };
		607FFDC8192988E9007D3D70 /* circle.png in Resources */ = {isa = PBXBuildFile; fileRef = 607FFDC7192988E9007D3D70 /* circle.png */; };
/* End PBXBuildFile section */

/* Begin PBXContainerItemProxy section */
		601AC52E192807E100AEF8B0 /* PBXContainerItemProxy */ = {
			isa = PBXContainerItemProxy;
			containerPortal = 601AC500192807E100AEF8B0 /* Project object */;
			proxyType = 1;
			remoteGlobalIDString = 601AC507192807E100AEF8B0;
			remoteInfo = GigMeister1;
		};
/* End PBXContainerItemProxy section */

/* Begin PBXFileReference section */
		601AC508192807E100AEF8B0 /* GigMeister1.app */ = {isa = PBXFileReference; explicitFileType = wrapper.application; includeInIndex = 0; path = GigMeister1.app; sourceTree = BUILT_PRODUCTS_DIR; };
		601AC50B192807E100AEF8B0 /* Foundation.framework */ = {isa = PBXFileReference; lastKnownFileType = wrapper.framework; name = Foundation.framework; path = System/Library/Frameworks/Foundation.framework; sourceTree = SDKROOT; };
		601AC50D192807E100AEF8B0 /* CoreGraphics.framework */ = {isa = PBXFileReference; lastKnownFileType = wrapper.framework; name = CoreGraphics.framework; path = System/Library/Frameworks/CoreGraphics.framework; sourceTree = SDKROOT; };
		601AC50F192807E100AEF8B0 /* UIKit.framework */ = {isa = PBXFileReference; lastKnownFileType = wrapper.framework; name = UIKit.framework; path = System/Library/Frameworks/UIKit.framework; sourceTree = SDKROOT; };
		601AC513192807E100AEF8B0 /* GigMeister1-Info.plist */ = {isa = PBXFileReference; lastKnownFileType = text.plist.xml; path = "GigMeister1-Info.plist"; sourceTree = "<group>"; };
		601AC515192807E100AEF8B0 /* en */ = {isa = PBXFileReference; lastKnownFileType = text.plist.strings; name = en; path = en.lproj/InfoPlist.strings; sourceTree = "<group>"; };
		601AC517192807E100AEF8B0 /* main.m */ = {isa = PBXFileReference; lastKnownFileType = sourcecode.c.objc; path = main.m; sourceTree = "<group>"; };
		601AC519192807E100AEF8B0 /* GigMeister1-Prefix.pch */ = {isa = PBXFileReference; lastKnownFileType = sourcecode.c.h; path = "GigMeister1-Prefix.pch"; sourceTree = "<group>"; };
		601AC51A192807E100AEF8B0 /* AppDelegate.h */ = {isa = PBXFileReference; lastKnownFileType = sourcecode.c.h; path = AppDelegate.h; sourceTree = "<group>"; };
		601AC51B192807E100AEF8B0 /* AppDelegate.m */ = {isa = PBXFileReference; lastKnownFileType = sourcecode.c.objc; path = AppDelegate.m; sourceTree = "<group>"; };
		601AC51E192807E100AEF8B0 /* Base */ = {isa = PBXFileReference; lastKnownFileType = file.storyboard; name = Base; path = Base.lproj/Main.storyboard; sourceTree = "<group>"; };
		601AC520192807E100AEF8B0 /* ViewController.h */ = {isa = PBXFileReference; lastKnownFileType = sourcecode.c.h; path = ViewController.h; sourceTree = "<group>"; };
		601AC521192807E100AEF8B0 /* ViewController.m */ = {isa = PBXFileReference; lastKnownFileType = sourcecode.c.objc; path = ViewController.m; sourceTree = "<group>"; };
		601AC523192807E100AEF8B0 /* Images.xcassets */ = {isa = PBXFileReference; lastKnownFileType = folder.assetcatalog; path = Images.xcassets; sourceTree = "<group>"; };
		601AC529192807E100AEF8B0 /* GigMeister1Tests.xctest */ = {isa = PBXFileReference; explicitFileType = wrapper.cfbundle; includeInIndex = 0; path = GigMeister1Tests.xctest; sourceTree = BUILT_PRODUCTS_DIR; };
		601AC52A192807E100AEF8B0 /* XCTest.framework */ = {isa = PBXFileReference; lastKnownFileType = wrapper.framework; name = XCTest.framework; path = Library/Frameworks/XCTest.framework; sourceTree = DEVELOPER_DIR; };
		601AC532192807E100AEF8B0 /* GigMeister1Tests-Info.plist */ = {isa = PBXFileReference; lastKnownFileType = text.plist.xml; path = "GigMeister1Tests-Info.plist"; sourceTree = "<group>"; };
		601AC534192807E100AEF8B0 /* en */ = {isa = PBXFileReference; lastKnownFileType = text.plist.strings; name = en; path = en.lproj/InfoPlist.strings; sourceTree = "<group>"; };
		601AC536192807E100AEF8B0 /* GigMeister1Tests.m */ = {isa = PBXFileReference; lastKnownFileType = sourcecode.c.objc; path = GigMeister1Tests.m; sourceTree = "<group>"; };
		601AC5401928120300AEF8B0 /* DetailViewController.h */ = {isa = PBXFileReference; fileEncoding = 4; lastKnownFileType = sourcecode.c.h; path = DetailViewController.h; sourceTree = "<group>"; };
		601AC5411928120300AEF8B0 /* DetailViewController.m */ = {isa = PBXFileReference; fileEncoding = 4; lastKnownFileType = sourcecode.c.objc; path = DetailViewController.m; sourceTree = "<group>"; };
		601AC54319281D3300AEF8B0 /* GigDateClass.h */ = {isa = PBXFileReference; fileEncoding = 4; lastKnownFileType = sourcecode.c.h; path = GigDateClass.h; sourceTree = "<group>"; };
		601AC54419281D3300AEF8B0 /* GigDateClass.m */ = {isa = PBXFileReference; fileEncoding = 4; lastKnownFileType = sourcecode.c.objc; path = GigDateClass.m; sourceTree = "<group>"; };
		601AC5461928269F00AEF8B0 /* CustomCell.h */ = {isa = PBXFileReference; fileEncoding = 4; lastKnownFileType = sourcecode.c.h; path = CustomCell.h; sourceTree = "<group>"; };
		601AC5471928269F00AEF8B0 /* CustomCell.m */ = {isa = PBXFileReference; fileEncoding = 4; lastKnownFileType = sourcecode.c.objc; path = CustomCell.m; sourceTree = "<group>"; };
		601AC54919282FF400AEF8B0 /* clear25.png */ = {isa = PBXFileReference; lastKnownFileType = image.png; path = clear25.png; sourceTree = "<group>"; };
		601AC54A19282FF400AEF8B0 /* gold25.png */ = {isa = PBXFileReference; lastKnownFileType = image.png; path = gold25.png; sourceTree = "<group>"; };
		601AC54B19282FF400AEF8B0 /* green25.png */ = {isa = PBXFileReference; lastKnownFileType = image.png; path = green25.png; sourceTree = "<group>"; };
		601AC54C19282FF400AEF8B0 /* grey25.png */ = {isa = PBXFileReference; lastKnownFileType = image.png; path = grey25.png; sourceTree = "<group>"; };
		601AC54D19282FF400AEF8B0 /* red25.png */ = {isa = PBXFileReference; lastKnownFileType = image.png; path = red25.png; sourceTree = "<group>"; };
		601AC5571928343D00AEF8B0 /* white25.png */ = {isa = PBXFileReference; lastKnownFileType = image.png; path = white25.png; sourceTree = "<group>"; };
		605E1C521931BF45007B0212 /* keyback.png */ = {isa = PBXFileReference; lastKnownFileType = image.png; path = keyback.png; sourceTree = "<group>"; };
		605E1C541931DE4A007B0212 /* TimeViewController.h */ = {isa = PBXFileReference; fileEncoding = 4; lastKnownFileType = sourcecode.c.h; path = TimeViewController.h; sourceTree = "<group>"; };
		605E1C551931DE4A007B0212 /* TimeViewController.m */ = {isa = PBXFileReference; fileEncoding = 4; lastKnownFileType = sourcecode.c.objc; path = TimeViewController.m; sourceTree = "<group>"; };
		607D91CC193A55950016CAFE /* CalendarViewController.h */ = {isa = PBXFileReference; fileEncoding = 4; lastKnownFileType = sourcecode.c.h; path = CalendarViewController.h; sourceTree = "<group>"; };
		607D91CD193A55950016CAFE /* CalendarViewController.m */ = {isa = PBXFileReference; fileEncoding = 4; lastKnownFileType = sourcecode.c.objc; path = CalendarViewController.m; sourceTree = "<group>"; };
		607D91CF193A8A970016CAFE /* SelectionViewController.h */ = {isa = PBXFileReference; fileEncoding = 4; lastKnownFileType = sourcecode.c.h; path = SelectionViewController.h; sourceTree = "<group>"; };
		607D91D0193A8A970016CAFE /* SelectionViewController.m */ = {isa = PBXFileReference; fileEncoding = 4; lastKnownFileType = sourcecode.c.objc; path = SelectionViewController.m; sourceTree = "<group>"; };
		607D91D2193A96580016CAFE /* DataStore.h */ = {isa = PBXFileReference; fileEncoding = 4; lastKnownFileType = sourcecode.c.h; path = DataStore.h; sourceTree = "<group>"; };
		607D91D3193A96580016CAFE /* DataStore.m */ = {isa = PBXFileReference; fileEncoding = 4; lastKnownFileType = sourcecode.c.objc; path = DataStore.m; sourceTree = "<group>"; };
		607D91D5193AAA350016CAFE /* WeekCell.h */ = {isa = PBXFileReference; fileEncoding = 4; lastKnownFileType = sourcecode.c.h; path = WeekCell.h; sourceTree = "<group>"; };
		607D91D6193AAA350016CAFE /* WeekCell.m */ = {isa = PBXFileReference; fileEncoding = 4; lastKnownFileType = sourcecode.c.objc; path = WeekCell.m; sourceTree = "<group>"; };
		607FFDC319298627007D3D70 /* brand.gif */ = {isa = PBXFileReference; lastKnownFileType = image.gif; path = brand.gif; sourceTree = "<group>"; };
		607FFDC5192986FF007D3D70 /* brandr.gif */ = {isa = PBXFileReference; lastKnownFileType = image.gif; path = brandr.gif; sourceTree = "<group>"; };
		607FFDC7192988E9007D3D70 /* circle.png */ = {isa = PBXFileReference; lastKnownFileType = image.png; path = circle.png; sourceTree = "<group>"; };
/* End PBXFileReference section */

/* Begin PBXFrameworksBuildPhase section */
		601AC505192807E100AEF8B0 /* Frameworks */ = {
			isa = PBXFrameworksBuildPhase;
			buildActionMask = 2147483647;
			files = (
				601AC50E192807E100AEF8B0 /* CoreGraphics.framework in Frameworks */,
				601AC510192807E100AEF8B0 /* UIKit.framework in Frameworks */,
				601AC50C192807E100AEF8B0 /* Foundation.framework in Frameworks */,
			);
			runOnlyForDeploymentPostprocessing = 0;
		};
		601AC526192807E100AEF8B0 /* Frameworks */ = {
			isa = PBXFrameworksBuildPhase;
			buildActionMask = 2147483647;
			files = (
				601AC52B192807E100AEF8B0 /* XCTest.framework in Frameworks */,
				601AC52D192807E100AEF8B0 /* UIKit.framework in Frameworks */,
				601AC52C192807E100AEF8B0 /* Foundation.framework in Frameworks */,
			);
			runOnlyForDeploymentPostprocessing = 0;
		};
/* End PBXFrameworksBuildPhase section */

/* Begin PBXGroup section */
		601AC4FF192807E100AEF8B0 = {
			isa = PBXGroup;
			children = (
				601AC511192807E100AEF8B0 /* GigMeister1 */,
				601AC530192807E100AEF8B0 /* GigMeister1Tests */,
				601AC50A192807E100AEF8B0 /* Frameworks */,
				601AC509192807E100AEF8B0 /* Products */,
			);
			sourceTree = "<group>";
		};
		601AC509192807E100AEF8B0 /* Products */ = {
			isa = PBXGroup;
			children = (
				601AC508192807E100AEF8B0 /* GigMeister1.app */,
				601AC529192807E100AEF8B0 /* GigMeister1Tests.xctest */,
			);
			name = Products;
			sourceTree = "<group>";
		};
		601AC50A192807E100AEF8B0 /* Frameworks */ = {
			isa = PBXGroup;
			children = (
				601AC50B192807E100AEF8B0 /* Foundation.framework */,
				601AC50D192807E100AEF8B0 /* CoreGraphics.framework */,
				601AC50F192807E100AEF8B0 /* UIKit.framework */,
				601AC52A192807E100AEF8B0 /* XCTest.framework */,
			);
			name = Frameworks;
			sourceTree = "<group>";
		};
		601AC511192807E100AEF8B0 /* GigMeister1 */ = {
			isa = PBXGroup;
			children = (
				607FFDC7192988E9007D3D70 /* circle.png */,
				607FFDC5192986FF007D3D70 /* brandr.gif */,
				607FFDC319298627007D3D70 /* brand.gif */,
				601AC5571928343D00AEF8B0 /* white25.png */,
				601AC51A192807E100AEF8B0 /* AppDelegate.h */,
				601AC51B192807E100AEF8B0 /* AppDelegate.m */,
				601AC51D192807E100AEF8B0 /* Main.storyboard */,
				607D91D5193AAA350016CAFE /* WeekCell.h */,
				607D91D6193AAA350016CAFE /* WeekCell.m */,
				607D91CF193A8A970016CAFE /* SelectionViewController.h */,
				607D91D0193A8A970016CAFE /* SelectionViewController.m */,
				607D91CC193A55950016CAFE /* CalendarViewController.h */,
				607D91CD193A55950016CAFE /* CalendarViewController.m */,
				607D91D2193A96580016CAFE /* DataStore.h */,
				607D91D3193A96580016CAFE /* DataStore.m */,
				605E1C541931DE4A007B0212 /* TimeViewController.h */,
				605E1C551931DE4A007B0212 /* TimeViewController.m */,
				605E1C521931BF45007B0212 /* keyback.png */,
				601AC54919282FF400AEF8B0 /* clear25.png */,
				601AC54A19282FF400AEF8B0 /* gold25.png */,
				601AC54B19282FF400AEF8B0 /* green25.png */,
				601AC54C19282FF400AEF8B0 /* grey25.png */,
				601AC54D19282FF400AEF8B0 /* red25.png */,
				601AC520192807E100AEF8B0 /* ViewController.h */,
				601AC521192807E100AEF8B0 /* ViewController.m */,
				601AC54319281D3300AEF8B0 /* GigDateClass.h */,
				601AC54419281D3300AEF8B0 /* GigDateClass.m */,
				601AC5401928120300AEF8B0 /* DetailViewController.h */,
				601AC5411928120300AEF8B0 /* DetailViewController.m */,
				601AC523192807E100AEF8B0 /* Images.xcassets */,
				601AC512192807E100AEF8B0 /* Supporting Files */,
				601AC5461928269F00AEF8B0 /* CustomCell.h */,
				601AC5471928269F00AEF8B0 /* CustomCell.m */,
			);
			path = GigMeister1;
			sourceTree = "<group>";
		};
		601AC512192807E100AEF8B0 /* Supporting Files */ = {
			isa = PBXGroup;
			children = (
				601AC513192807E100AEF8B0 /* GigMeister1-Info.plist */,
				601AC514192807E100AEF8B0 /* InfoPlist.strings */,
				601AC517192807E100AEF8B0 /* main.m */,
				601AC519192807E100AEF8B0 /* GigMeister1-Prefix.pch */,
			);
			name = "Supporting Files";
			sourceTree = "<group>";
		};
		601AC530192807E100AEF8B0 /* GigMeister1Tests */ = {
			isa = PBXGroup;
			children = (
				601AC536192807E100AEF8B0 /* GigMeister1Tests.m */,
				601AC531192807E100AEF8B0 /* Supporting Files */,
			);
			path = GigMeister1Tests;
			sourceTree = "<group>";
		};
		601AC531192807E100AEF8B0 /* Supporting Files */ = {
			isa = PBXGroup;
			children = (
				601AC532192807E100AEF8B0 /* GigMeister1Tests-Info.plist */,
				601AC533192807E100AEF8B0 /* InfoPlist.strings */,
			);
			name = "Supporting Files";
			sourceTree = "<group>";
		};
/* End PBXGroup section */

/* Begin PBXNativeTarget section */
		601AC507192807E100AEF8B0 /* GigMeister1 */ = {
			isa = PBXNativeTarget;
			buildConfigurationList = 601AC53A192807E100AEF8B0 /* Build configuration list for PBXNativeTarget "GigMeister1" */;
			buildPhases = (
				601AC504192807E100AEF8B0 /* Sources */,
				601AC505192807E100AEF8B0 /* Frameworks */,
				601AC506192807E100AEF8B0 /* Resources */,
			);
			buildRules = (
			);
			dependencies = (
			);
			name = GigMeister1;
			productName = GigMeister1;
			productReference = 601AC508192807E100AEF8B0 /* GigMeister1.app */;
			productType = "com.apple.product-type.application";
		};
		601AC528192807E100AEF8B0 /* GigMeister1Tests */ = {
			isa = PBXNativeTarget;
			buildConfigurationList = 601AC53D192807E100AEF8B0 /* Build configuration list for PBXNativeTarget "GigMeister1Tests" */;
			buildPhases = (
				601AC525192807E100AEF8B0 /* Sources */,
				601AC526192807E100AEF8B0 /* Frameworks */,
				601AC527192807E100AEF8B0 /* Resources */,
			);
			buildRules = (
			);
			dependencies = (
				601AC52F192807E100AEF8B0 /* PBXTargetDependency */,
			);
			name = GigMeister1Tests;
			productName = GigMeister1Tests;
			productReference = 601AC529192807E100AEF8B0 /* GigMeister1Tests.xctest */;
			productType = "com.apple.product-type.bundle.unit-test";
		};
/* End PBXNativeTarget section */

/* Begin PBXProject section */
		601AC500192807E100AEF8B0 /* Project object */ = {
			isa = PBXProject;
			attributes = {
				LastUpgradeCheck = 0500;
				ORGANIZATIONNAME = "Russell Gaspard";
				TargetAttributes = {
					601AC528192807E100AEF8B0 = {
						TestTargetID = 601AC507192807E100AEF8B0;
					};
				};
			};
			buildConfigurationList = 601AC503192807E100AEF8B0 /* Build configuration list for PBXProject "GigMeister1" */;
			compatibilityVersion = "Xcode 3.2";
			developmentRegion = English;
			hasScannedForEncodings = 0;
			knownRegions = (
				en,
				Base,
			);
			mainGroup = 601AC4FF192807E100AEF8B0;
			productRefGroup = 601AC509192807E100AEF8B0 /* Products */;
			projectDirPath = "";
			projectRoot = "";
			targets = (
				601AC507192807E100AEF8B0 /* GigMeister1 */,
				601AC528192807E100AEF8B0 /* GigMeister1Tests */,
			);
		};
/* End PBXProject section */

/* Begin PBXResourcesBuildPhase section */
		601AC506192807E100AEF8B0 /* Resources */ = {
			isa = PBXResourcesBuildPhase;
			buildActionMask = 2147483647;
			files = (
				601AC55119282FF400AEF8B0 /* green25.png in Resources */,
				607FFDC619298700007D3D70 /* brandr.gif in Resources */,
				601AC54F19282FF400AEF8B0 /* clear25.png in Resources */,
				607FFDC8192988E9007D3D70 /* circle.png in Resources */,
				607FFDC419298627007D3D70 /* brand.gif in Resources */,
				601AC5581928343D00AEF8B0 /* white25.png in Resources */,
				601AC524192807E100AEF8B0 /* Images.xcassets in Resources */,
				601AC516192807E100AEF8B0 /* InfoPlist.strings in Resources */,
				601AC55019282FF400AEF8B0 /* gold25.png in Resources */,
				601AC51F192807E100AEF8B0 /* Main.storyboard in Resources */,
				605E1C531931BF45007B0212 /* keyback.png in Resources */,
				601AC55319282FF400AEF8B0 /* red25.png in Resources */,
				601AC55219282FF400AEF8B0 /* grey25.png in Resources */,
			);
			runOnlyForDeploymentPostprocessing = 0;
		};
		601AC527192807E100AEF8B0 /* Resources */ = {
			isa = PBXResourcesBuildPhase;
			buildActionMask = 2147483647;
			files = (
				601AC535192807E100AEF8B0 /* InfoPlist.strings in Resources */,
			);
			runOnlyForDeploymentPostprocessing = 0;
		};
/* End PBXResourcesBuildPhase section */

/* Begin PBXSourcesBuildPhase section */
		601AC504192807E100AEF8B0 /* Sources */ = {
			isa = PBXSourcesBuildPhase;
			buildActionMask = 2147483647;
			files = (
				601AC522192807E100AEF8B0 /* ViewController.m in Sources */,
				601AC54519281D3300AEF8B0 /* GigDateClass.m in Sources */,
				601AC5481928269F00AEF8B0 /* CustomCell.m in Sources */,
				601AC51C192807E100AEF8B0 /* AppDelegate.m in Sources */,
				607D91CE193A55950016CAFE /* CalendarViewController.m in Sources */,
				607D91D4193A96580016CAFE /* DataStore.m in Sources */,
				607D91D1193A8A970016CAFE /* SelectionViewController.m in Sources */,
				601AC518192807E100AEF8B0 /* main.m in Sources */,
				605E1C561931DE4A007B0212 /* TimeViewController.m in Sources */,
				607D91D7193AAA350016CAFE /* WeekCell.m in Sources */,
				601AC5421928120300AEF8B0 /* DetailViewController.m in Sources */,
			);
			runOnlyForDeploymentPostprocessing = 0;
		};
		601AC525192807E100AEF8B0 /* Sources */ = {
			isa = PBXSourcesBuildPhase;
			buildActionMask = 2147483647;
			files = (
				601AC537192807E100AEF8B0 /* GigMeister1Tests.m in Sources */,
			);
			runOnlyForDeploymentPostprocessing = 0;
		};
/* End PBXSourcesBuildPhase section */

/* Begin PBXTargetDependency section */
		601AC52F192807E100AEF8B0 /* PBXTargetDependency */ = {
			isa = PBXTargetDependency;
			target = 601AC507192807E100AEF8B0 /* GigMeister1 */;
			targetProxy = 601AC52E192807E100AEF8B0 /* PBXContainerItemProxy */;
		};
/* End PBXTargetDependency section */

/* Begin PBXVariantGroup section */
		601AC514192807E100AEF8B0 /* InfoPlist.strings */ = {
			isa = PBXVariantGroup;
			children = (
				601AC515192807E100AEF8B0 /* en */,
			);
			name = InfoPlist.strings;
			sourceTree = "<group>";
		};
		601AC51D192807E100AEF8B0 /* Main.storyboard */ = {
			isa = PBXVariantGroup;
			children = (
				601AC51E192807E100AEF8B0 /* Base */,
			);
			name = Main.storyboard;
			sourceTree = "<group>";
		};
		601AC533192807E100AEF8B0 /* InfoPlist.strings */ = {
			isa = PBXVariantGroup;
			children = (
				601AC534192807E100AEF8B0 /* en */,
			);
			name = InfoPlist.strings;
			sourceTree = "<group>";
		};
/* End PBXVariantGroup section */

/* Begin XCBuildConfiguration section */
		601AC538192807E100AEF8B0 /* Debug */ = {
			isa = XCBuildConfiguration;
			buildSettings = {
				ALWAYS_SEARCH_USER_PATHS = NO;
				ARCHS = "$(ARCHS_STANDARD_INCLUDING_64_BIT)";
				CLANG_CXX_LANGUAGE_STANDARD = "gnu++0x";
				CLANG_CXX_LIBRARY = "libc++";
				CLANG_ENABLE_MODULES = YES;
				CLANG_ENABLE_OBJC_ARC = YES;
				CLANG_WARN_BOOL_CONVERSION = YES;
				CLANG_WARN_CONSTANT_CONVERSION = YES;
				CLANG_WARN_DIRECT_OBJC_ISA_USAGE = YES_ERROR;
				CLANG_WARN_EMPTY_BODY = YES;
				CLANG_WARN_ENUM_CONVERSION = YES;
				CLANG_WARN_INT_CONVERSION = YES;
				CLANG_WARN_OBJC_ROOT_CLASS = YES_ERROR;
				CLANG_WARN__DUPLICATE_METHOD_MATCH = YES;
				"CODE_SIGN_IDENTITY[sdk=iphoneos*]" = "iPhone Developer";
				COPY_PHASE_STRIP = NO;
				GCC_C_LANGUAGE_STANDARD = gnu99;
				GCC_DYNAMIC_NO_PIC = NO;
				GCC_OPTIMIZATION_LEVEL = 0;
				GCC_PREPROCESSOR_DEFINITIONS = (
					"DEBUG=1",
					"$(inherited)",
				);
				GCC_SYMBOLS_PRIVATE_EXTERN = NO;
				GCC_WARN_64_TO_32_BIT_CONVERSION = YES;
				GCC_WARN_ABOUT_RETURN_TYPE = YES_ERROR;
				GCC_WARN_UNDECLARED_SELECTOR = YES;
				GCC_WARN_UNINITIALIZED_AUTOS = YES;
				GCC_WARN_UNUSED_FUNCTION = YES;
				GCC_WARN_UNUSED_VARIABLE = YES;
				IPHONEOS_DEPLOYMENT_TARGET = 7.0;
				ONLY_ACTIVE_ARCH = YES;
				SDKROOT = iphoneos;
			};
			name = Debug;
		};
		601AC539192807E100AEF8B0 /* Release */ = {
			isa = XCBuildConfiguration;
			buildSettings = {
				ALWAYS_SEARCH_USER_PATHS = NO;
				ARCHS = "$(ARCHS_STANDARD_INCLUDING_64_BIT)";
				CLANG_CXX_LANGUAGE_STANDARD = "gnu++0x";
				CLANG_CXX_LIBRARY = "libc++";
				CLANG_ENABLE_MODULES = YES;
				CLANG_ENABLE_OBJC_ARC = YES;
				CLANG_WARN_BOOL_CONVERSION = YES;
				CLANG_WARN_CONSTANT_CONVERSION = YES;
				CLANG_WARN_DIRECT_OBJC_ISA_USAGE = YES_ERROR;
				CLANG_WARN_EMPTY_BODY = YES;
				CLANG_WARN_ENUM_CONVERSION = YES;
				CLANG_WARN_INT_CONVERSION = YES;
				CLANG_WARN_OBJC_ROOT_CLASS = YES_ERROR;
				CLANG_WARN__DUPLICATE_METHOD_MATCH = YES;
				"CODE_SIGN_IDENTITY[sdk=iphoneos*]" = "iPhone Developer";
				COPY_PHASE_STRIP = YES;
				ENABLE_NS_ASSERTIONS = NO;
				GCC_C_LANGUAGE_STANDARD = gnu99;
				GCC_WARN_64_TO_32_BIT_CONVERSION = YES;
				GCC_WARN_ABOUT_RETURN_TYPE = YES_ERROR;
				GCC_WARN_UNDECLARED_SELECTOR = YES;
				GCC_WARN_UNINITIALIZED_AUTOS = YES;
				GCC_WARN_UNUSED_FUNCTION = YES;
				GCC_WARN_UNUSED_VARIABLE = YES;
				IPHONEOS_DEPLOYMENT_TARGET = 7.0;
				SDKROOT = iphoneos;
				VALIDATE_PRODUCT = YES;
			};
			name = Release;
		};
		601AC53B192807E100AEF8B0 /* Debug */ = {
			isa = XCBuildConfiguration;
			buildSettings = {
				ASSETCATALOG_COMPILER_APPICON_NAME = AppIcon;
				ASSETCATALOG_COMPILER_LAUNCHIMAGE_NAME = LaunchImage;
				GCC_PRECOMPILE_PREFIX_HEADER = YES;
				GCC_PREFIX_HEADER = "GigMeister1/GigMeister1-Prefix.pch";
				INFOPLIST_FILE = "GigMeister1/GigMeister1-Info.plist";
				PRODUCT_NAME = "$(TARGET_NAME)";
				WRAPPER_EXTENSION = app;
			};
			name = Debug;
		};
		601AC53C192807E100AEF8B0 /* Release */ = {
			isa = XCBuildConfiguration;
			buildSettings = {
				ASSETCATALOG_COMPILER_APPICON_NAME = AppIcon;
				ASSETCATALOG_COMPILER_LAUNCHIMAGE_NAME = LaunchImage;
				GCC_PRECOMPILE_PREFIX_HEADER = YES;
				GCC_PREFIX_HEADER = "GigMeister1/GigMeister1-Prefix.pch";
				INFOPLIST_FILE = "GigMeister1/GigMeister1-Info.plist";
				PRODUCT_NAME = "$(TARGET_NAME)";
				WRAPPER_EXTENSION = app;
			};
			name = Release;
		};
		601AC53E192807E100AEF8B0 /* Debug */ = {
			isa = XCBuildConfiguration;
			buildSettings = {
				ARCHS = "$(ARCHS_STANDARD_INCLUDING_64_BIT)";
				BUNDLE_LOADER = "$(BUILT_PRODUCTS_DIR)/GigMeister1.app/GigMeister1";
				FRAMEWORK_SEARCH_PATHS = (
					"$(SDKROOT)/Developer/Library/Frameworks",
					"$(inherited)",
					"$(DEVELOPER_FRAMEWORKS_DIR)",
				);
				GCC_PRECOMPILE_PREFIX_HEADER = YES;
				GCC_PREFIX_HEADER = "GigMeister1/GigMeister1-Prefix.pch";
				GCC_PREPROCESSOR_DEFINITIONS = (
					"DEBUG=1",
					"$(inherited)",
				);
				INFOPLIST_FILE = "GigMeister1Tests/GigMeister1Tests-Info.plist";
				PRODUCT_NAME = "$(TARGET_NAME)";
				TEST_HOST = "$(BUNDLE_LOADER)";
				WRAPPER_EXTENSION = xctest;
			};
			name = Debug;
		};
		601AC53F192807E100AEF8B0 /* Release */ = {
			isa = XCBuildConfiguration;
			buildSettings = {
				ARCHS = "$(ARCHS_STANDARD_INCLUDING_64_BIT)";
				BUNDLE_LOADER = "$(BUILT_PRODUCTS_DIR)/GigMeister1.app/GigMeister1";
				FRAMEWORK_SEARCH_PATHS = (
					"$(SDKROOT)/Developer/Library/Frameworks",
					"$(inherited)",
					"$(DEVELOPER_FRAMEWORKS_DIR)",
				);
				GCC_PRECOMPILE_PREFIX_HEADER = YES;
				GCC_PREFIX_HEADER = "GigMeister1/GigMeister1-Prefix.pch";
				INFOPLIST_FILE = "GigMeister1Tests/GigMeister1Tests-Info.plist";
				PRODUCT_NAME = "$(TARGET_NAME)";
				TEST_HOST = "$(BUNDLE_LOADER)";
				WRAPPER_EXTENSION = xctest;
			};
			name = Release;
		};
/* End XCBuildConfiguration section */

/* Begin XCConfigurationList section */
		601AC503192807E100AEF8B0 /* Build configuration list for PBXProject "GigMeister1" */ = {
			isa = XCConfigurationList;
			buildConfigurations = (
				601AC538192807E100AEF8B0 /* Debug */,
				601AC539192807E100AEF8B0 /* Release */,
			);
			defaultConfigurationIsVisible = 0;
			defaultConfigurationName = Release;
		};
		601AC53A192807E100AEF8B0 /* Build configuration list for PBXNativeTarget "GigMeister1" */ = {
			isa = XCConfigurationList;
			buildConfigurations = (
				601AC53B192807E100AEF8B0 /* Debug */,
				601AC53C192807E100AEF8B0 /* Release */,
			);
			defaultConfigurationIsVisible = 0;
			defaultConfigurationName = Release;
		};
		601AC53D192807E100AEF8B0 /* Build configuration list for PBXNativeTarget "GigMeister1Tests" */ = {
			isa = XCConfigurationList;
			buildConfigurations = (
				601AC53E192807E100AEF8B0 /* Debug */,
				601AC53F192807E100AEF8B0 /* Release */,
			);
			defaultConfigurationIsVisible = 0;
			defaultConfigurationName = Release;
		};
/* End XCConfigurationList section */
	};
	rootObject = 601AC500192807E100AEF8B0 /* Project object */;
}
